Microsoft Visual Studio Solution File, Format Version 12.00
# Visual Studio 2012
Project("{FAE04EC0-301F-11D3-BF4B-00C04F79EFBC}") = "VoxelForge", "VoxelForge.csproj", "{037A1A3A-47DE-465C-9462-6BAB972364FF}"
EndProject
Global
	GlobalSection(SolutionConfigurationPlatforms) = preSolution
	Debug|Any CPU = Debug|Any CPU
	ExportDebug|Any CPU = ExportDebug|Any CPU
	ExportRelease|Any CPU = ExportRelease|Any CPU
	EndGlobalSection
	GlobalSection(ProjectConfigurationPlatforms) = postSolution
		{037A1A3A-47DE-465C-9462-6BAB972364FF}.Debug|Any CPU.ActiveCfg = Debug|Any CPU
		{037A1A3A-47DE-465C-9462-6BAB972364FF}.Debug|Any CPU.Build.0 = Debug|Any CPU
		{037A1A3A-47DE-465C-9462-6BAB972364FF}.ExportDebug|Any CPU.ActiveCfg = ExportDebug|Any CPU
		{037A1A3A-47DE-465C-9462-6BAB972364FF}.ExportDebug|Any CPU.Build.0 = ExportDebug|Any CPU
		{037A1A3A-47DE-465C-9462-6BAB972364FF}.ExportRelease|Any CPU.ActiveCfg = ExportRelease|Any CPU
		{037A1A3A-47DE-465C-9462-6BAB972364FF}.ExportRelease|Any CPU.Build.0 = ExportRelease|Any CPU
	EndGlobalSection
EndGlobal
